
Microsoft Visual Studio Solution File, Format Version 10.00
# Visual Studio 2008
Project("{FAE04EC0-301F-11D3-BF4B-00C04F79EFBC}") = "Pulse.Emmiters.DotNet", "Pulse.Emmiters.DotNet\Pulse.Emmiters.DotNet.csproj", "{3DD3F982-7F67-4F1D-AED7-A628260A204A}"
EndProject
Project("{FAE04EC0-301F-11D3-BF4B-00C04F79EFBC}") = "Pulse.Emmiters.Test", "Pulse.Emmiters.Test\Pulse.Emmiters.Test.csproj", "{E1D73290-60AC-40D8-8D61-1C49E587986C}"
EndProject
Project("{2150E333-8FDC-42A3-9474-1A3956D46DE8}") = "Lib", "Lib", "{388162AF-0997-49F7-BB59-F9F2771290BD}"
	ProjectSection(SolutionItems) = preProject
		Pulse.Emitters.Lib\Newtonsoft.Json.dll = Pulse.Emitters.Lib\Newtonsoft.Json.dll
	EndProjectSection
EndProject
Project("{FAE04EC0-301F-11D3-BF4B-00C04F79EFBC}") = "Pulse.Emmiters.SampleWeb", "Pulse.Emmiters.SampleWeb\Pulse.Emmiters.SampleWeb.csproj", "{7EE7E3C7-B48D-4C82-8C21-D90173311279}"
EndProject
Global
	GlobalSection(SolutionConfigurationPlatforms) = preSolution
		Debug|Any CPU = Debug|Any CPU
		Release|Any CPU = Release|Any CPU
	EndGlobalSection
	GlobalSection(ProjectConfigurationPlatforms) = postSolution
		{3DD3F982-7F67-4F1D-AED7-A628260A204A}.Debug|Any CPU.ActiveCfg = Debug|Any CPU
		{3DD3F982-7F67-4F1D-AED7-A628260A204A}.Debug|Any CPU.Build.0 = Debug|Any CPU
		{3DD3F982-7F67-4F1D-AED7-A628260A204A}.Release|Any CPU.ActiveCfg = Release|Any CPU
		{3DD3F982-7F67-4F1D-AED7-A628260A204A}.Release|Any CPU.Build.0 = Release|Any CPU
		{E1D73290-60AC-40D8-8D61-1C49E587986C}.Debug|Any CPU.ActiveCfg = Debug|Any CPU
		{E1D73290-60AC-40D8-8D61-1C49E587986C}.Debug|Any CPU.Build.0 = Debug|Any CPU
		{E1D73290-60AC-40D8-8D61-1C49E587986C}.Release|Any CPU.ActiveCfg = Release|Any CPU
		{E1D73290-60AC-40D8-8D61-1C49E587986C}.Release|Any CPU.Build.0 = Release|Any CPU
		{7EE7E3C7-B48D-4C82-8C21-D90173311279}.Debug|Any CPU.ActiveCfg = Debug|Any CPU
		{7EE7E3C7-B48D-4C82-8C21-D90173311279}.Debug|Any CPU.Build.0 = Debug|Any CPU
		{7EE7E3C7-B48D-4C82-8C21-D90173311279}.Release|Any CPU.ActiveCfg = Release|Any CPU
		{7EE7E3C7-B48D-4C82-8C21-D90173311279}.Release|Any CPU.Build.0 = Release|Any CPU
	EndGlobalSection
	GlobalSection(SolutionProperties) = preSolution
		HideSolutionNode = FALSE
	EndGlobalSection
EndGlobal
